
Microsoft Visual Studio Solution File, Format Version 12.00
# Visual Studio Version 17
VisualStudioVersion = 17.4.33205.214
MinimumVisualStudioVersion = 10.0.40219.1
Project("{2150E333-8FDC-42A3-9474-1A3956D46DE8}") = "DevOps", "DevOps", "{C011D1F5-E3A2-476B-8029-D25369D6D19E}"
	ProjectSection(SolutionItems) = preProject
		..\azure-pipelines.yml = ..\azure-pipelines.yml
		..\GitVersion.yml = ..\GitVersion.yml
	EndProjectSection
EndProject
Project("{9A19103F-16F7-4668-BE54-9A1E7A4F7556}") = "Corvus.Extensions.System.Text.Json", "Corvus.Extensions.System.Text.Json\Corvus.Extensions.System.Text.Json.csproj", "{5765619F-5602-41A7-85BA-8078F48076B8}"
EndProject
Project("{9A19103F-16F7-4668-BE54-9A1E7A4F7556}") = "Corvus.Extensions.System.Text.Json.Specs", "Corvus.Extensions.System.Text.Json.Specs\Corvus.Extensions.System.Text.Json.Specs.csproj", "{B0E516F4-3513-4B7C-ADE8-2BBC5D5C5BD5}"
EndProject
Global
	GlobalSection(SolutionConfigurationPlatforms) = preSolution
		Debug|Any CPU = Debug|Any CPU
		Release|Any CPU = Release|Any CPU
	EndGlobalSection
	GlobalSection(ProjectConfigurationPlatforms) = postSolution
		{5765619F-5602-41A7-85BA-8078F48076B8}.Debug|Any CPU.ActiveCfg = Debug|Any CPU
		{5765619F-5602-41A7-85BA-8078F48076B8}.Debug|Any CPU.Build.0 = Debug|Any CPU
		{5765619F-5602-41A7-85BA-8078F48076B8}.Release|Any CPU.ActiveCfg = Release|Any CPU
		{5765619F-5602-41A7-85BA-8078F48076B8}.Release|Any CPU.Build.0 = Release|Any CPU
		{B0E516F4-3513-4B7C-ADE8-2BBC5D5C5BD5}.Debug|Any CPU.ActiveCfg = Debug|Any CPU
		{B0E516F4-3513-4B7C-ADE8-2BBC5D5C5BD5}.Debug|Any CPU.Build.0 = Debug|Any CPU
		{B0E516F4-3513-4B7C-ADE8-2BBC5D5C5BD5}.Release|Any CPU.ActiveCfg = Release|Any CPU
		{B0E516F4-3513-4B7C-ADE8-2BBC5D5C5BD5}.Release|Any CPU.Build.0 = Release|Any CPU
	EndGlobalSection
	GlobalSection(SolutionProperties) = preSolution
		HideSolutionNode = FALSE
	EndGlobalSection
	GlobalSection(ExtensibilityGlobals) = postSolution
		SolutionGuid = {2175CEA6-7F27-466A-9ED2-2AF255A451F7}
	EndGlobalSection
EndGlobal
